
Microsoft Visual Studio Solution File, Format Version 12.00
# Visual Studio 2013
VisualStudioVersion = 12.0.40629.0
MinimumVisualStudioVersion = 10.0.40219.1
Project("{FAE04EC0-301F-11D3-BF4B-00C04F79EFBC}") = "FilelistBrowser", "FilelistBrowser\FilelistBrowser.csproj", "{22E34269-BF43-44E2-98D2-685A2F8455DA}"
EndProject
Project("{6141683F-8A12-4E36-9623-2EB02B2C2303}") = "FLBSetup", "FLBSetup\FLBSetup.isproj", "{F1D00350-7237-4872-BCBC-E07242351FA3}"
	ProjectSection(ProjectDependencies) = postProject
		{22E34269-BF43-44E2-98D2-685A2F8455DA} = {22E34269-BF43-44E2-98D2-685A2F8455DA}
	EndProjectSection
EndProject
Global
	GlobalSection(SolutionConfigurationPlatforms) = preSolution
		CD_ROM|Any CPU = CD_ROM|Any CPU
		Debug|Any CPU = Debug|Any CPU
		DVD-5|Any CPU = DVD-5|Any CPU
		Release|Any CPU = Release|Any CPU
		SingleImage|Any CPU = SingleImage|Any CPU
	EndGlobalSection
	GlobalSection(ProjectConfigurationPlatforms) = postSolution
		{22E34269-BF43-44E2-98D2-685A2F8455DA}.CD_ROM|Any CPU.ActiveCfg = Release|Any CPU
		{22E34269-BF43-44E2-98D2-685A2F8455DA}.CD_ROM|Any CPU.Build.0 = Release|Any CPU
		{22E34269-BF43-44E2-98D2-685A2F8455DA}.Debug|Any CPU.ActiveCfg = Debug|Any CPU
		{22E34269-BF43-44E2-98D2-685A2F8455DA}.Debug|Any CPU.Build.0 = Debug|Any CPU
		{22E34269-BF43-44E2-98D2-685A2F8455DA}.DVD-5|Any CPU.ActiveCfg = Debug|Any CPU
		{22E34269-BF43-44E2-98D2-685A2F8455DA}.DVD-5|Any CPU.Build.0 = Debug|Any CPU
		{22E34269-BF43-44E2-98D2-685A2F8455DA}.Release|Any CPU.ActiveCfg = Release|Any CPU
		{22E34269-BF43-44E2-98D2-685A2F8455DA}.Release|Any CPU.Build.0 = Release|Any CPU
		{22E34269-BF43-44E2-98D2-685A2F8455DA}.SingleImage|Any CPU.ActiveCfg = Release|Any CPU
		{22E34269-BF43-44E2-98D2-685A2F8455DA}.SingleImage|Any CPU.Build.0 = Release|Any CPU
		{F1D00350-7237-4872-BCBC-E07242351FA3}.CD_ROM|Any CPU.ActiveCfg = CD_ROM
		{F1D00350-7237-4872-BCBC-E07242351FA3}.CD_ROM|Any CPU.Build.0 = CD_ROM
		{F1D00350-7237-4872-BCBC-E07242351FA3}.Debug|Any CPU.ActiveCfg = DVD-5
		{F1D00350-7237-4872-BCBC-E07242351FA3}.Debug|Any CPU.Build.0 = DVD-5
		{F1D00350-7237-4872-BCBC-E07242351FA3}.DVD-5|Any CPU.ActiveCfg = DVD-5
		{F1D00350-7237-4872-BCBC-E07242351FA3}.DVD-5|Any CPU.Build.0 = DVD-5
		{F1D00350-7237-4872-BCBC-E07242351FA3}.Release|Any CPU.ActiveCfg = SingleImage
		{F1D00350-7237-4872-BCBC-E07242351FA3}.Release|Any CPU.Build.0 = SingleImage
		{F1D00350-7237-4872-BCBC-E07242351FA3}.SingleImage|Any CPU.ActiveCfg = SingleImage
		{F1D00350-7237-4872-BCBC-E07242351FA3}.SingleImage|Any CPU.Build.0 = SingleImage
	EndGlobalSection
	GlobalSection(SolutionProperties) = preSolution
		HideSolutionNode = FALSE
	EndGlobalSection
EndGlobal
